
Microsoft Visual Studio Solution File, Format Version 12.00
# Visual Studio Version 17
VisualStudioVersion = 17.5.002.0
MinimumVisualStudioVersion = 10.0.40219.1
Project("{9A19103F-16F7-4668-BE54-9A1E7A4F7556}") = "WebProject", "WebProject.csproj", "{FAB2E3C0-C1E3-4EEA-8844-3D03F0CBDEDC}"
EndProject
Global
	GlobalSection(SolutionConfigurationPlatforms) = preSolution
		Debug|Any CPU = Debug|Any CPU
		Release|Any CPU = Release|Any CPU
	EndGlobalSection
	GlobalSection(ProjectConfigurationPlatforms) = postSolution
		{FAB2E3C0-C1E3-4EEA-8844-3D03F0CBDEDC}.Debug|Any CPU.ActiveCfg = Debug|Any CPU
		{FAB2E3C0-C1E3-4EEA-8844-3D03F0CBDEDC}.Debug|Any CPU.Build.0 = Debug|Any CPU
		{FAB2E3C0-C1E3-4EEA-8844-3D03F0CBDEDC}.Release|Any CPU.ActiveCfg = Release|Any CPU
		{FAB2E3C0-C1E3-4EEA-8844-3D03F0CBDEDC}.Release|Any CPU.Build.0 = Release|Any CPU
	EndGlobalSection
	GlobalSection(SolutionProperties) = preSolution
		HideSolutionNode = FALSE
	EndGlobalSection
	GlobalSection(ExtensibilityGlobals) = postSolution
		SolutionGuid = {95E0F943-6A9E-459B-A21D-789A16C6FCAA}
	EndGlobalSection
EndGlobal
